
Microsoft Visual Studio Solution File, Format Version 12.00
# Visual Studio Version 16
VisualStudioVersion = 16.0.31005.135
MinimumVisualStudioVersion = 10.0.40219.1
Project("{FAE04EC0-301F-11D3-BF4B-00C04F79EFBC}") = "ExcelExport", "ExcelExport\ExcelExport.csproj", "{5E98CABB-F9FB-4DBF-A248-F53DD1CEC23E}"
EndProject
Global
	GlobalSection(SolutionConfigurationPlatforms) = preSolution
		Debug|Any CPU = Debug|Any CPU
		Release|Any CPU = Release|Any CPU
	EndGlobalSection
	GlobalSection(ProjectConfigurationPlatforms) = postSolution
		{5E98CABB-F9FB-4DBF-A248-F53DD1CEC23E}.Debug|Any CPU.ActiveCfg = Debug|Any CPU
		{5E98CABB-F9FB-4DBF-A248-F53DD1CEC23E}.Debug|Any CPU.Build.0 = Debug|Any CPU
		{5E98CABB-F9FB-4DBF-A248-F53DD1CEC23E}.Release|Any CPU.ActiveCfg = Release|Any CPU
		{5E98CABB-F9FB-4DBF-A248-F53DD1CEC23E}.Release|Any CPU.Build.0 = Release|Any CPU
	EndGlobalSection
	GlobalSection(SolutionProperties) = preSolution
		HideSolutionNode = FALSE
	EndGlobalSection
	GlobalSection(ExtensibilityGlobals) = postSolution
		SolutionGuid = {5CBB3CB5-DA06-4F3B-B642-9ACF08CBD786}
	EndGlobalSection
EndGlobal
